// !$*UTF8*$!
{
	archiveVersion = 1;
	classes = {
	};
	objectVersion = 46;
	objects = {

/* Begin PBXBuildFile section */
		203298701E5520F500E6B457 /* AppDelegate.swift in Sources */ = {isa = PBXBuildFile; fileRef = 2032986F1E5520F500E6B457 /* AppDelegate.swift */; };
		203298721E5520F500E6B457 /* ViewController.swift in Sources */ = {isa = PBXBuildFile; fileRef = 203298711E5520F500E6B457 /* ViewController.swift */; };
		203298751E5520F500E6B457 /* Main.storyboard in Resources */ = {isa = PBXBuildFile; fileRef = 203298731E5520F500E6B457 /* Main.storyboard */; };
		203298771E5520F500E6B457 /* Assets.xcassets in Resources */ = {isa = PBXBuildFile; fileRef = 203298761E5520F500E6B457 /* Assets.xcassets */; };
		2032987A1E5520F500E6B457 /* LaunchScreen.storyboard in Resources */ = {isa = PBXBuildFile; fileRef = 203298781E5520F500E6B457 /* LaunchScreen.storyboard */; };
/* End PBXBuildFile section */

/* Begin PBXFileReference section */
		2032986C1E5520F500E6B457 /* DestoryTheWorld.app */ = {isa = PBXFileReference; explicitFileType = wrapper.application; includeInIndex = 0; path = DestoryTheWorld.app; sourceTree = BUILT_PRODUCTS_DIR; };
		2032986F1E5520F500E6B457 /* AppDelegate.swift */ = {isa = PBXFileReference; lastKnownFileType = sourcecode.swift; path = AppDelegate.swift; sourceTree = "<group>"; };
		203298711E5520F500E6B457 /* ViewController.swift */ = {isa = PBXFileReference; lastKnownFileType = sourcecode.swift; path = ViewController.swift; sourceTree = "<group>"; };
		203298741E5520F500E6B457 /* Base */ = {isa = PBXFileReference; lastKnownFileType = file.storyboard; name = Base; path = Base.lproj/Main.storyboard; sourceTree = "<group>"; };
		203298761E5520F500E6B457 /* Assets.xcassets */ = {isa = PBXFileReference; lastKnownFileType = folder.assetcatalog; path = Assets.xcassets; sourceTree = "<group>"; };
		203298791E5520F500E6B457 /* Base */ = {isa = PBXFileReference; lastKnownFileType = file.storyboard; name = Base; path = Base.lproj/LaunchScreen.storyboard; sourceTree = "<group>"; };
		2032987B1E5520F500E6B457 /* Info.plist */ = {isa = PBXFileReference; lastKnownFileType = text.plist.xml; path = Info.plist; sourceTree = "<group>"; };
/* End PBXFileReference section */

/* Begin PBXFrameworksBuildPhase section */
		203298691E5520F500E6B457 /* Frameworks */ = {
			isa = PBXFrameworksBuildPhase;
			buildActionMask = 2147483647;
			files = (
			);
			runOnlyForDeploymentPostprocessing = 0;
		};
/* End PBXFrameworksBuildPhase section */

/* Begin PBXGroup section */
		203298631E5520F500E6B457 = {
			isa = PBXGroup;
			children = (
				2032986E1E5520F500E6B457 /* DestoryTheWorld */,
				2032986D1E5520F500E6B457 /* Products */,
			);
			sourceTree = "<group>";
		};
		2032986D1E5520F500E6B457 /* Products */ = {
			isa = PBXGroup;
			children = (
				2032986C1E5520F500E6B457 /* DestoryTheWorld.app */,
			);
			name = Products;
			sourceTree = "<group>";
		};
		2032986E1E5520F500E6B457 /* DestoryTheWorld */ = {
			isa = PBXGroup;
			children = (
				2032986F1E5520F500E6B457 /* AppDelegate.swift */,
				203298711E5520F500E6B457 /* ViewController.swift */,
				203298731E5520F500E6B457 /* Main.storyboard */,
				203298761E5520F500E6B457 /* Assets.xcassets */,
				203298781E5520F500E6B457 /* LaunchScreen.storyboard */,
				2032987B1E5520F500E6B457 /* Info.plist */,
			);
			path = DestoryTheWorld;
			sourceTree = "<group>";
		};
/* End PBXGroup section */

/* Begin PBXNativeTarget section */
		2032986B1E5520F500E6B457 /* DestoryTheWorld */ = {
			isa = PBXNativeTarget;
			buildConfigurationList = 2032987E1E5520F500E6B457 /* Build configuration list for PBXNativeTarget "DestoryTheWorld" */;
			buildPhases = (
				203298681E5520F500E6B457 /* Sources */,
				203298691E5520F500E6B457 /* Frameworks */,
				2032986A1E5520F500E6B457 /* Resources */,
			);
			buildRules = (
			);
			dependencies = (
			);
			name = DestoryTheWorld;
			productName = DestoryTheWorld;
			productReference = 2032986C1E5520F500E6B457 /* DestoryTheWorld.app */;
			productType = "com.apple.product-type.application";
		};
/* End PBXNativeTarget section */

/* Begin PBXProject section */
		203298641E5520F500E6B457 /* Project object */ = {
			isa = PBXProject;
			attributes = {
				LastSwiftUpdateCheck = 0820;
				LastUpgradeCheck = 0820;
				ORGANIZATIONNAME = "Donald Bowsher";
				TargetAttributes = {
					2032986B1E5520F500E6B457 = {
						CreatedOnToolsVersion = 8.2.1;
						ProvisioningStyle = Automatic;
					};
				};
			};
			buildConfigurationList = 203298671E5520F500E6B457 /* Build configuration list for PBXProject "DestoryTheWorld" */;
			compatibilityVersion = "Xcode 3.2";
			developmentRegion = English;
			hasScannedForEncodings = 0;
			knownRegions = (
				en,
				Base,
			);
			mainGroup = 203298631E5520F500E6B457;
			productRefGroup = 2032986D1E5520F500E6B457 /* Products */;
			projectDirPath = "";
			projectRoot = "";
			targets = (
				2032986B1E5520F500E6B457 /* DestoryTheWorld */,
			);
		};
/* End PBXProject section */

/* Begin PBXResourcesBuildPhase section */
		2032986A1E5520F500E6B457 /* Resources */ = {
			isa = PBXResourcesBuildPhase;
			buildActionMask = 2147483647;
			files = (
				2032987A1E5520F500E6B457 /* LaunchScreen.storyboard in Resources */,
				203298771E5520F500E6B457 /* Assets.xcassets in Resources */,
				203298751E5520F500E6B457 /* Main.storyboard in Resources */,
			);
			runOnlyForDeploymentPostprocessing = 0;
		};
/* End PBXResourcesBuildPhase section */

/* Begin PBXSourcesBuildPhase section */
		203298681E5520F500E6B457 /* Sources */ = {
			isa = PBXSourcesBuildPhase;
			buildActionMask = 2147483647;
			files = (
				203298721E5520F500E6B457 /* ViewController.swift in Sources */,
				203298701E5520F500E6B457 /* AppDelegate.swift in Sources */,
			);
			runOnlyForDeploymentPostprocessing = 0;
		};
/* End PBXSourcesBuildPhase section */

/* Begin PBXVariantGroup section */
		203298731E5520F500E6B457 /* Main.storyboard */ = {
			isa = PBXVariantGroup;
			children = (
				203298741E5520F500E6B457 /* Base */,
			);
			name = Main.storyboard;
			sourceTree = "<group>";
		};
		203298781E5520F500E6B457 /* LaunchScreen.storyboard */ = {
			isa = PBXVariantGroup;
			children = (
				203298791E5520F500E6B457 /* Base */,
			);
			name = LaunchScreen.storyboard;
			sourceTree = "<group>";
		};
/* End PBXVariantGroup section */

/* Begin XCBuildConfiguration section */
		2032987C1E5520F500E6B457 /* Debug */ = {
			isa = XCBuildConfiguration;
			buildSettings = {
				ALWAYS_SEARCH_USER_PATHS = NO;
				CLANG_ANALYZER_NONNULL = YES;
				CLANG_CXX_LANGUAGE_STANDARD = "gnu++0x";
				CLANG_CXX_LIBRARY = "libc++";
				CLANG_ENABLE_MODULES = YES;
				CLANG_ENABLE_OBJC_ARC = YES;
				CLANG_WARN_BOOL_CONVERSION = YES;
				CLANG_WARN_CONSTANT_CONVERSION = YES;
				CLANG_WARN_DIRECT_OBJC_ISA_USAGE = YES_ERROR;
				CLANG_WARN_DOCUMENTATION_COMMENTS = YES;
				CLANG_WARN_EMPTY_BODY = YES;
				CLANG_WARN_ENUM_CONVERSION = YES;
				CLANG_WARN_INFINITE_RECURSION = YES;
				CLANG_WARN_INT_CONVERSION = YES;
				CLANG_WARN_OBJC_ROOT_CLASS = YES_ERROR;
				CLANG_WARN_SUSPICIOUS_MOVE = YES;
				CLANG_WARN_UNREACHABLE_CODE = YES;
				CLANG_WARN__DUPLICATE_METHOD_MATCH = YES;
				"CODE_SIGN_IDENTITY[sdk=iphoneos*]" = "iPhone Developer";
				COPY_PHASE_STRIP = NO;
				DEBUG_INFORMATION_FORMAT = dwarf;
				ENABLE_STRICT_OBJC_MSGSEND = YES;
				ENABLE_TESTABILITY = YES;
				GCC_C_LANGUAGE_STANDARD = gnu99;
				GCC_DYNAMIC_NO_PIC = NO;
				GCC_NO_COMMON_BLOCKS = YES;
				GCC_OPTIMIZATION_LEVEL = 0;
				GCC_PREPROCESSOR_DEFINITIONS = (
					"DEBUG=1",
					"$(inherited)",
				);
				GCC_WARN_64_TO_32_BIT_CONVERSION = YES;
				GCC_WARN_ABOUT_RETURN_TYPE = YES_ERROR;
				GCC_WARN_UNDECLARED_SELECTOR = YES;
				GCC_WARN_UNINITIALIZED_AUTOS = YES_AGGRESSIVE;
				GCC_WARN_UNUSED_FUNCTION = YES;
				GCC_WARN_UNUSED_VARIABLE = YES;
				IPHONEOS_DEPLOYMENT_TARGET = 10.2;
				MTL_ENABLE_DEBUG_INFO = YES;
				ONLY_ACTIVE_ARCH = YES;
				SDKROOT = iphoneos;
				SWIFT_ACTIVE_COMPILATION_CONDITIONS = DEBUG;
				SWIFT_OPTIMIZATION_LEVEL = "-Onone";
			};
			name = Debug;
		};
		2032987D1E5520F500E6B457 /* Release */ = {
			isa = XCBuildConfiguration;
			buildSettings = {
				ALWAYS_SEARCH_USER_PATHS = NO;
				CLANG_ANALYZER_NONNULL = YES;
				CLANG_CXX_LANGUAGE_STANDARD = "gnu++0x";
				CLANG_CXX_LIBRARY = "libc++";
				CLANG_ENABLE_MODULES = YES;
				CLANG_ENABLE_OBJC_ARC = YES;
				CLANG_WARN_BOOL_CONVERSION = YES;
				CLANG_WARN_CONSTANT_CONVERSION = YES;
				CLANG_WARN_DIRECT_OBJC_ISA_USAGE = YES_ERROR;
				CLANG_WARN_DOCUMENTATION_COMMENTS = YES;
				CLANG_WARN_EMPTY_BODY = YES;
				CLANG_WARN_ENUM_CONVERSION = YES;
				CLANG_WARN_INFINITE_RECURSION = YES;
				CLANG_WARN_INT_CONVERSION = YES;
				CLANG_WARN_OBJC_ROOT_CLASS = YES_ERROR;
				CLANG_WARN_SUSPICIOUS_MOVE = YES;
				CLANG_WARN_UNREACHABLE_CODE = YES;
				CLANG_WARN__DUPLICATE_METHOD_MATCH = YES;
				"CODE_SIGN_IDENTITY[sdk=iphoneos*]" = "iPhone Developer";
				COPY_PHASE_STRIP = NO;
				DEBUG_INFORMATION_FORMAT = "dwarf-with-dsym";
				ENABLE_NS_ASSERTIONS = NO;
				ENABLE_STRICT_OBJC_MSGSEND = YES;
				GCC_C_LANGUAGE_STANDARD = gnu99;
				GCC_NO_COMMON_BLOCKS = YES;
				GCC_WARN_64_TO_32_BIT_CONVERSION = YES;
				GCC_WARN_ABOUT_RETURN_TYPE = YES_ERROR;
				GCC_WARN_UNDECLARED_SELECTOR = YES;
				GCC_WARN_UNINITIALIZED_AUTOS = YES_AGGRESSIVE;
				GCC_WARN_UNUSED_FUNCTION = YES;
				GCC_WARN_UNUSED_VARIABLE = YES;
				IPHONEOS_DEPLOYMENT_TARGET = 10.2;
				MTL_ENABLE_DEBUG_INFO = NO;
				SDKROOT = iphoneos;
				SWIFT_OPTIMIZATION_LEVEL = "-Owholemodule";
				VALIDATE_PRODUCT = YES;
			};
			name = Release;
		};
		2032987F1E5520F500E6B457 /* Debug */ = {
			isa = XCBuildConfiguration;
			buildSettings = {
				ASSETCATALOG_COMPILER_APPICON_NAME = AppIcon;
				INFOPLIST_FILE = DestoryTheWorld/Info.plist;
				LD_RUNPATH_SEARCH_PATHS = "$(inherited) @executable_path/Frameworks";
				PRODUCT_BUNDLE_IDENTIFIER = com.ibm.contextcomputing.DestoryTheWorld;
				PRODUCT_NAME = "$(TARGET_NAME)";
				SWIFT_VERSION = 3.0;
			};
			name = Debug;
		};
		203298801E5520F500E6B457 /* Release */ = {
			isa = XCBuildConfiguration;
			buildSettings = {
				ASSETCATALOG_COMPILER_APPICON_NAME = AppIcon;
				INFOPLIST_FILE = DestoryTheWorld/Info.plist;
				LD_RUNPATH_SEARCH_PATHS = "$(inherited) @executable_path/Frameworks";
				PRODUCT_BUNDLE_IDENTIFIER = com.ibm.contextcomputing.DestoryTheWorld;
				PRODUCT_NAME = "$(TARGET_NAME)";
				SWIFT_VERSION = 3.0;
			};
			name = Release;
		};
/* End XCBuildConfiguration section */

/* Begin XCConfigurationList section */
		203298671E5520F500E6B457 /* Build configuration list for PBXProject "DestoryTheWorld" */ = {
			isa = XCConfigurationList;
			buildConfigurations = (
				2032987C1E5520F500E6B457 /* Debug */,
				2032987D1E5520F500E6B457 /* Release */,
			);
			defaultConfigurationIsVisible = 0;
			defaultConfigurationName = Release;
		};
		2032987E1E5520F500E6B457 /* Build configuration list for PBXNativeTarget "DestoryTheWorld" */ = {
			isa = XCConfigurationList;
			buildConfigurations = (
				2032987F1E5520F500E6B457 /* Debug */,
				203298801E5520F500E6B457 /* Release */,
			);
			defaultConfigurationIsVisible = 0;
		};
/* End XCConfigurationList section */
	};
	rootObject = 203298641E5520F500E6B457 /* Project object */;
}
